
Microsoft Visual Studio Solution File, Format Version 12.00
# Visual Studio Version 16
VisualStudioVersion = 16.0.32510.428
MinimumVisualStudioVersion = 10.0.40219.1
Project("{FAE04EC0-301F-11D3-BF4B-00C04F79EFBC}") = "Izzi.Noc.Services", "MS_IntraNoc_Templates\Izzi.Noc.Services.csproj", "{ADCC59CB-E3C7-487A-BFB8-9CD0CA87AB2A}"
EndProject
Project("{FAE04EC0-301F-11D3-BF4B-00C04F79EFBC}") = "Izzi.Noc.Business", "Izzi.Noc.Business\Izzi.Noc.Business.csproj", "{443E5D0F-952E-4215-8F97-2184E254BCBB}"
EndProject
Project("{FAE04EC0-301F-11D3-BF4B-00C04F79EFBC}") = "Izzi.Noc.Entities", "Izzi.Noc.Entities\Izzi.Noc.Entities.csproj", "{C62367FB-3FCD-4F9A-962D-8E0466344D6C}"
EndProject
Project("{FAE04EC0-301F-11D3-BF4B-00C04F79EFBC}") = "Izzi.Noc.DAO", "Izzi.Noc.DAO\Izzi.Noc.DAO.csproj", "{3CE08B71-AFC3-4763-9BF6-42E848FECFB3}"
EndProject
Project("{FAE04EC0-301F-11D3-BF4B-00C04F79EFBC}") = "Izzi.Noc.Test", "Izzi.Noc.Test\Izzi.Noc.Test.csproj", "{004AEEA7-410B-41C2-917E-38A6E7E10DE5}"
EndProject
Global
	GlobalSection(SolutionConfigurationPlatforms) = preSolution
		Debug|Any CPU = Debug|Any CPU
		Release|Any CPU = Release|Any CPU
	EndGlobalSection
	GlobalSection(ProjectConfigurationPlatforms) = postSolution
		{ADCC59CB-E3C7-487A-BFB8-9CD0CA87AB2A}.Debug|Any CPU.ActiveCfg = Debug|Any CPU
		{ADCC59CB-E3C7-487A-BFB8-9CD0CA87AB2A}.Debug|Any CPU.Build.0 = Debug|Any CPU
		{ADCC59CB-E3C7-487A-BFB8-9CD0CA87AB2A}.Release|Any CPU.ActiveCfg = Release|Any CPU
		{ADCC59CB-E3C7-487A-BFB8-9CD0CA87AB2A}.Release|Any CPU.Build.0 = Release|Any CPU
		{443E5D0F-952E-4215-8F97-2184E254BCBB}.Debug|Any CPU.ActiveCfg = Debug|Any CPU
		{443E5D0F-952E-4215-8F97-2184E254BCBB}.Debug|Any CPU.Build.0 = Debug|Any CPU
		{443E5D0F-952E-4215-8F97-2184E254BCBB}.Release|Any CPU.ActiveCfg = Release|Any CPU
		{443E5D0F-952E-4215-8F97-2184E254BCBB}.Release|Any CPU.Build.0 = Release|Any CPU
		{C62367FB-3FCD-4F9A-962D-8E0466344D6C}.Debug|Any CPU.ActiveCfg = Debug|Any CPU
		{C62367FB-3FCD-4F9A-962D-8E0466344D6C}.Debug|Any CPU.Build.0 = Debug|Any CPU
		{C62367FB-3FCD-4F9A-962D-8E0466344D6C}.Release|Any CPU.ActiveCfg = Release|Any CPU
		{C62367FB-3FCD-4F9A-962D-8E0466344D6C}.Release|Any CPU.Build.0 = Release|Any CPU
		{3CE08B71-AFC3-4763-9BF6-42E848FECFB3}.Debug|Any CPU.ActiveCfg = Debug|Any CPU
		{3CE08B71-AFC3-4763-9BF6-42E848FECFB3}.Debug|Any CPU.Build.0 = Debug|Any CPU
		{3CE08B71-AFC3-4763-9BF6-42E848FECFB3}.Release|Any CPU.ActiveCfg = Release|Any CPU
		{3CE08B71-AFC3-4763-9BF6-42E848FECFB3}.Release|Any CPU.Build.0 = Release|Any CPU
		{004AEEA7-410B-41C2-917E-38A6E7E10DE5}.Debug|Any CPU.ActiveCfg = Debug|Any CPU
		{004AEEA7-410B-41C2-917E-38A6E7E10DE5}.Debug|Any CPU.Build.0 = Debug|Any CPU
		{004AEEA7-410B-41C2-917E-38A6E7E10DE5}.Release|Any CPU.ActiveCfg = Release|Any CPU
		{004AEEA7-410B-41C2-917E-38A6E7E10DE5}.Release|Any CPU.Build.0 = Release|Any CPU
	EndGlobalSection
	GlobalSection(SolutionProperties) = preSolution
		HideSolutionNode = FALSE
	EndGlobalSection
	GlobalSection(ExtensibilityGlobals) = postSolution
		SolutionGuid = {8EC7371E-15C2-4B4F-821D-2271DCBE9713}
	EndGlobalSection
EndGlobal
